
Microsoft Visual Studio Solution File, Format Version 9.00
# Visual Studio 2005
Project("{EF7E3281-CD33-11D4-8326-00C04FA0CE8D}") = "Apress.Integration.EDI864.Common", "Apress.Integration.EDI864.Common\Apress.Integration.EDI864.Common.btproj", "{45FCCDA3-16CC-41D8-9287-D1C83DAC5873}"
EndProject
Global
	GlobalSection(SolutionConfigurationPlatforms) = preSolution
		Deployment|.NET = Deployment|.NET
		Development|.NET = Development|.NET
	EndGlobalSection
	GlobalSection(ProjectConfigurationPlatforms) = postSolution
		{45FCCDA3-16CC-41D8-9287-D1C83DAC5873}.Deployment|.NET.ActiveCfg = Deployment|.NET
		{45FCCDA3-16CC-41D8-9287-D1C83DAC5873}.Deployment|.NET.Build.0 = Deployment|.NET
		{45FCCDA3-16CC-41D8-9287-D1C83DAC5873}.Deployment|.NET.Deploy.0 = Deployment|.NET
		{45FCCDA3-16CC-41D8-9287-D1C83DAC5873}.Development|.NET.ActiveCfg = Development|.NET
		{45FCCDA3-16CC-41D8-9287-D1C83DAC5873}.Development|.NET.Build.0 = Development|.NET
	EndGlobalSection
	GlobalSection(SolutionProperties) = preSolution
		HideSolutionNode = FALSE
	EndGlobalSection
EndGlobal
